{
  "name": "@flexicore/flexicore-ui-client",
  "version": "3.1.18",
  "lockfileVersion": 2,
  "requires": true,
  "packages": {
    "": {
      "name": "@flexicore/flexicore-ui-client",
      "version": "3.1.18",
      "license": "MIT",
      "dependencies": {
        "@flexicore/flexicore-client": "^3.0.15"
      },
      "devDependencies": {
        "@angular/common": "^7.2.10",
        "@angular/core": "^7.2.10",
        "@angular/http": "^7.2.10",
        "@angular/platform-browser": "^7.2.10",
        "@types/jasmine": "^2.6.0",
        "@types/node": "^8.0.33",
        "jasmine": "^2.8.0",
        "rxjs": "^6.0.0",
        "ts-node": "^3.3.0",
        "typescript": "^4.2.4",
        "zone.js": "^0.8.18"
      }
    },
    "node_modules/@angular/common": {
      "version": "7.2.16",
      "resolved": "https://registry.npmjs.org/@angular/common/-/common-7.2.16.tgz",
      "integrity": "sha512-lPo2Vt5zmKeKTdMxHMUuViouMiK4QsmO6dGTIhJ7QAx9mov0QYb4sUVKN9Ix32Aeeznaa97qJnhevyDncJqvSA==",
      "dev": true,
      "dependencies": {
        "tslib": "^1.9.0"
      },
      "peerDependencies": {
        "@angular/core": "7.2.16",
        "rxjs": "^6.0.0"
      }
    },
    "node_modules/@angular/core": {
      "version": "7.2.16",
      "resolved": "https://registry.npmjs.org/@angular/core/-/core-7.2.16.tgz",
      "integrity": "sha512-z1RuBinuYeC4KLv8Z95YOgIQLd4nkoApdxkIZaWALwSkgeBuHJn4bCBn2cL0gJ/KO2x18TiTU5HuC+uyBt0AVQ==",
      "dev": true,
      "dependencies": {
        "tslib": "^1.9.0"
      },
      "peerDependencies": {
        "rxjs": "^6.0.0",
        "zone.js": "~0.8.26"
      }
    },
    "node_modules/@angular/http": {
      "version": "7.2.16",
      "resolved": "https://registry.npmjs.org/@angular/http/-/http-7.2.16.tgz",
      "integrity": "sha512-yvjbNyzFSmmz4UTjCdy5M8mk0cZqf9TvSf8yN5UVIwtw4joyuUdlgJCuin0qSbQOKIf/JjHoofpO2JkPCGSNww==",
      "deprecated": "Package no longer supported. Use @angular/common instead, see https://angular.io/guide/deprecations#angularhttp",
      "dev": true,
      "dependencies": {
        "tslib": "^1.9.0"
      },
      "peerDependencies": {
        "@angular/core": "7.2.16",
        "@angular/platform-browser": "7.2.16",
        "rxjs": "^6.0.0"
      }
    },
    "node_modules/@angular/platform-browser": {
      "version": "7.2.16",
      "resolved": "https://registry.npmjs.org/@angular/platform-browser/-/platform-browser-7.2.16.tgz",
      "integrity": "sha512-6LltxoPlbtUgSec5a+BGPHZ0UYdqFizxSsplC1PoJdqH17DDxQjxcluAfXnLlvOYFSSPvYa73PSOpmUU2vp4gA==",
      "dev": true,
      "dependencies": {
        "tslib": "^1.9.0"
      },
      "peerDependencies": {
        "@angular/common": "7.2.16",
        "@angular/core": "7.2.16"
      }
    },
    "node_modules/@flexicore/flexicore-client": {
      "version": "3.0.16",
      "resolved": "http://artifactory.wizzdi.com:4873/@flexicore%2fflexicore-client/-/flexicore-client-3.0.16.tgz",
      "integrity": "sha512-YHmzLMneWEM3hwOgtbYJrD4kgyj3ZELy+dUfo1L9cDoVF7DX01LRjXB/yLHTNXrM8WuUcDM+Oc1lDiqQBIyMqw==",
      "license": "MIT",
      "dependencies": {
        "rxjs": "^7.5.2",
        "spark-md5": "^3.0.1"
      }
    },
    "node_modules/@flexicore/flexicore-client/node_modules/rxjs": {
      "version": "7.5.5",
      "resolved": "https://registry.npmjs.org/rxjs/-/rxjs-7.5.5.tgz",
      "integrity": "sha512-sy+H0pQofO95VDmFLzyaw9xNJU4KTRSwQIGM6+iG3SypAtCiLDzpeG8sJrNCWn2Up9km+KhkvTdbkrdy+yzZdw==",
      "dependencies": {
        "tslib": "^2.1.0"
      }
    },
    "node_modules/@flexicore/flexicore-client/node_modules/tslib": {
      "version": "2.4.0",
      "resolved": "https://registry.npmjs.org/tslib/-/tslib-2.4.0.tgz",
      "integrity": "sha512-d6xOpEDfsi2CZVlPQzGeux8XMwLT9hssAsaPYExaQMuYskwb+x1x7J371tWlbBdWHroy99KnVB6qIkUbs5X3UQ=="
    },
    "node_modules/@types/jasmine": {
      "version": "2.8.8",
      "resolved": "http://138.201.191.203:4873/@types%2fjasmine/-/jasmine-2.8.8.tgz",
      "integrity": "sha512-OJSUxLaxXsjjhob2DBzqzgrkLmukM3+JMpRp0r0E4HTdT1nwDCWhaswjYxazPij6uOdzHCJfNbDjmQ1/rnNbCg==",
      "dev": true
    },
    "node_modules/@types/node": {
      "version": "8.10.21",
      "resolved": "http://138.201.191.203:4873/@types%2fnode/-/node-8.10.21.tgz",
      "integrity": "sha512-87XkD9qDXm8fIax+5y7drx84cXsu34ZZqfB7Cial3Q/2lxSoJ/+DRaWckkCbxP41wFSIrrb939VhzaNxj4eY1w==",
      "dev": true
    },
    "node_modules/jasmine": {
      "version": "2.99.0",
      "resolved": "http://138.201.191.203:4873/jasmine/-/jasmine-2.99.0.tgz",
      "integrity": "sha1-jKctEC5jm4Z8ZImFbg4YqceqQrc=",
      "dev": true,
      "dependencies": {
        "exit": "^0.1.2",
        "glob": "^7.0.6",
        "jasmine-core": "~2.99.0"
      },
      "bin": {
        "jasmine": "bin/jasmine.js"
      }
    },
    "node_modules/jasmine/node_modules/balanced-match": {
      "version": "1.0.0",
      "resolved": "http://138.201.191.203:4873/balanced-match/-/balanced-match-1.0.0.tgz",
      "integrity": "sha1-ibTRmasr7kneFk6gK4nORi1xt2c=",
      "dev": true
    },
    "node_modules/jasmine/node_modules/brace-expansion": {
      "version": "1.1.11",
      "resolved": "http://138.201.191.203:4873/brace-expansion/-/brace-expansion-1.1.11.tgz",
      "integrity": "sha512-iCuPHDFgrHX7H2vEI/5xpz07zSHB00TpugqhmYtVmMO6518mCuRMoOYFldEBl0g187ufozdaHgWKcYFb61qGiA==",
      "dev": true,
      "dependencies": {
        "balanced-match": "^1.0.0",
        "concat-map": "0.0.1"
      }
    },
    "node_modules/jasmine/node_modules/concat-map": {
      "version": "0.0.1",
      "resolved": "http://138.201.191.203:4873/concat-map/-/concat-map-0.0.1.tgz",
      "integrity": "sha1-2Klr13/Wjfd5OnMDajug1UBdR3s=",
      "dev": true
    },
    "node_modules/jasmine/node_modules/exit": {
      "version": "0.1.2",
      "resolved": "http://138.201.191.203:4873/exit/-/exit-0.1.2.tgz",
      "integrity": "sha1-BjJjj42HfMghB9MKD/8aF8uhzQw=",
      "dev": true,
      "engines": {
        "node": ">= 0.8.0"
      }
    },
    "node_modules/jasmine/node_modules/fs.realpath": {
      "version": "1.0.0",
      "resolved": "http://138.201.191.203:4873/fs.realpath/-/fs.realpath-1.0.0.tgz",
      "integrity": "sha1-FQStJSMVjKpA20onh8sBQRmU6k8=",
      "dev": true
    },
    "node_modules/jasmine/node_modules/glob": {
      "version": "7.1.2",
      "resolved": "http://138.201.191.203:4873/glob/-/glob-7.1.2.tgz",
      "integrity": "sha512-MJTUg1kjuLeQCJ+ccE4Vpa6kKVXkPYJ2mOCQyUuKLcLQsdrMCpBPUi8qVE6+YuaJkozeA9NusTAw3hLr8Xe5EQ==",
      "dev": true,
      "dependencies": {
        "fs.realpath": "^1.0.0",
        "inflight": "^1.0.4",
        "inherits": "2",
        "minimatch": "^3.0.4",
        "once": "^1.3.0",
        "path-is-absolute": "^1.0.0"
      },
      "engines": {
        "node": "*"
      }
    },
    "node_modules/jasmine/node_modules/inflight": {
      "version": "1.0.6",
      "resolved": "http://138.201.191.203:4873/inflight/-/inflight-1.0.6.tgz",
      "integrity": "sha1-Sb1jMdfQLQwJvJEKEHW6gWW1bfk=",
      "dev": true,
      "dependencies": {
        "once": "^1.3.0",
        "wrappy": "1"
      }
    },
    "node_modules/jasmine/node_modules/inherits": {
      "version": "2.0.3",
      "resolved": "http://138.201.191.203:4873/inherits/-/inherits-2.0.3.tgz",
      "integrity": "sha1-Yzwsg+PaQqUC9SRmAiSA9CCCYd4=",
      "dev": true
    },
    "node_modules/jasmine/node_modules/jasmine-core": {
      "version": "2.99.1",
      "resolved": "http://138.201.191.203:4873/jasmine-core/-/jasmine-core-2.99.1.tgz",
      "integrity": "sha1-5kAN8ea1bhMLYcS80JPap/boyhU=",
      "dev": true
    },
    "node_modules/jasmine/node_modules/minimatch": {
      "version": "3.0.4",
      "resolved": "http://138.201.191.203:4873/minimatch/-/minimatch-3.0.4.tgz",
      "integrity": "sha512-yJHVQEhyqPLUTgt9B83PXu6W3rx4MvvHvSUvToogpwoGDOUQ+yDrR0HRot+yOCdCO7u4hX3pWft6kWBBcqh0UA==",
      "dev": true,
      "dependencies": {
        "brace-expansion": "^1.1.7"
      },
      "engines": {
        "node": "*"
      }
    },
    "node_modules/jasmine/node_modules/once": {
      "version": "1.4.0",
      "resolved": "http://138.201.191.203:4873/once/-/once-1.4.0.tgz",
      "integrity": "sha1-WDsap3WWHUsROsF9nFC6753Xa9E=",
      "dev": true,
      "dependencies": {
        "wrappy": "1"
      }
    },
    "node_modules/jasmine/node_modules/path-is-absolute": {
      "version": "1.0.1",
      "resolved": "http://138.201.191.203:4873/path-is-absolute/-/path-is-absolute-1.0.1.tgz",
      "integrity": "sha1-F0uSaHNVNP+8es5r9TpanhtcX18=",
      "dev": true,
      "engines": {
        "node": ">=0.10.0"
      }
    },
    "node_modules/jasmine/node_modules/wrappy": {
      "version": "1.0.2",
      "resolved": "http://138.201.191.203:4873/wrappy/-/wrappy-1.0.2.tgz",
      "integrity": "sha1-tSQ9jz7BqjXxNkYFvA0QNuMKtp8=",
      "dev": true
    },
    "node_modules/rxjs": {
      "version": "6.6.7",
      "resolved": "https://registry.npmjs.org/rxjs/-/rxjs-6.6.7.tgz",
      "integrity": "sha512-hTdwr+7yYNIT5n4AMYp85KA6yw2Va0FLa3Rguvbpa4W3I5xynaBZo41cM3XM+4Q6fRMj3sBYIR1VAmZMXYJvRQ==",
      "dev": true,
      "dependencies": {
        "tslib": "^1.9.0"
      },
      "engines": {
        "npm": ">=2.0.0"
      }
    },
    "node_modules/spark-md5": {
      "version": "3.0.1",
      "resolved": "https://registry.npmjs.org/spark-md5/-/spark-md5-3.0.1.tgz",
      "integrity": "sha512-0tF3AGSD1ppQeuffsLDIOWlKUd3lS92tFxcsrh5Pe3ZphhnoK+oXIBTzOAThZCiuINZLvpiLH/1VS1/ANEJVig=="
    },
    "node_modules/ts-node": {
      "version": "3.3.0",
      "resolved": "http://138.201.191.203:4873/ts-node/-/ts-node-3.3.0.tgz",
      "integrity": "sha1-wTxqMCTjC+EYDdUwOPwgkonUv2k=",
      "dev": true,
      "dependencies": {
        "arrify": "^1.0.0",
        "chalk": "^2.0.0",
        "diff": "^3.1.0",
        "make-error": "^1.1.1",
        "minimist": "^1.2.0",
        "mkdirp": "^0.5.1",
        "source-map-support": "^0.4.0",
        "tsconfig": "^6.0.0",
        "v8flags": "^3.0.0",
        "yn": "^2.0.0"
      },
      "bin": {
        "_ts-node": "dist/_bin.js",
        "ts-node": "dist/bin.js"
      },
      "engines": {
        "node": ">=4.2.0"
      }
    },
    "node_modules/ts-node/node_modules/ansi-styles": {
      "version": "3.2.1",
      "resolved": "http://138.201.191.203:4873/ansi-styles/-/ansi-styles-3.2.1.tgz",
      "integrity": "sha512-VT0ZI6kZRdTh8YyJw3SMbYm/u+NqfsAxEpWO0Pf9sq8/e94WxxOpPKx9FR1FlyCtOVDNOQ+8ntlqFxiRc+r5qA==",
      "dev": true,
      "dependencies": {
        "color-convert": "^1.9.0"
      },
      "engines": {
        "node": ">=4"
      }
    },
    "node_modules/ts-node/node_modules/arrify": {
      "version": "1.0.1",
      "resolved": "http://138.201.191.203:4873/arrify/-/arrify-1.0.1.tgz",
      "integrity": "sha1-iYUI2iIm84DfkEcoRWhJwVAaSw0=",
      "dev": true,
      "engines": {
        "node": ">=0.10.0"
      }
    },
    "node_modules/ts-node/node_modules/chalk": {
      "version": "2.4.1",
      "resolved": "http://138.201.191.203:4873/chalk/-/chalk-2.4.1.tgz",
      "integrity": "sha512-ObN6h1v2fTJSmUXoS3nMQ92LbDK9be4TV+6G+omQlGJFdcUX5heKi1LZ1YnRMIgwTLEj3E24bT6tYni50rlCfQ==",
      "dev": true,
      "dependencies": {
        "ansi-styles": "^3.2.1",
        "escape-string-regexp": "^1.0.5",
        "supports-color": "^5.3.0"
      },
      "engines": {
        "node": ">=4"
      }
    },
    "node_modules/ts-node/node_modules/color-convert": {
      "version": "1.9.2",
      "resolved": "http://138.201.191.203:4873/color-convert/-/color-convert-1.9.2.tgz",
      "integrity": "sha512-3NUJZdhMhcdPn8vJ9v2UQJoH0qqoGUkYTgFEPZaPjEtwmmKUfNV46zZmgB2M5M4DCEQHMaCfWHCxiBflLm04Tg==",
      "dev": true,
      "dependencies": {
        "color-name": "1.1.1"
      }
    },
    "node_modules/ts-node/node_modules/color-name": {
      "version": "1.1.1",
      "resolved": "http://138.201.191.203:4873/color-name/-/color-name-1.1.1.tgz",
      "integrity": "sha1-SxQVMEz1ACjqgWQ2Q72C6gWANok=",
      "dev": true
    },
    "node_modules/ts-node/node_modules/diff": {
      "version": "3.5.0",
      "resolved": "http://138.201.191.203:4873/diff/-/diff-3.5.0.tgz",
      "integrity": "sha512-A46qtFgd+g7pDZinpnwiRJtxbC1hpgf0uzP3iG89scHk0AUC7A1TGxf5OiiOUv/JMZR8GOt8hL900hV0bOy5xA==",
      "dev": true,
      "engines": {
        "node": ">=0.3.1"
      }
    },
    "node_modules/ts-node/node_modules/escape-string-regexp": {
      "version": "1.0.5",
      "resolved": "http://138.201.191.203:4873/escape-string-regexp/-/escape-string-regexp-1.0.5.tgz",
      "integrity": "sha1-G2HAViGQqN/2rjuyzwIAyhMLhtQ=",
      "dev": true,
      "engines": {
        "node": ">=0.8.0"
      }
    },
    "node_modules/ts-node/node_modules/has-flag": {
      "version": "3.0.0",
      "resolved": "http://138.201.191.203:4873/has-flag/-/has-flag-3.0.0.tgz",
      "integrity": "sha1-tdRU3CGZriJWmfNGfloH87lVuv0=",
      "dev": true,
      "engines": {
        "node": ">=4"
      }
    },
    "node_modules/ts-node/node_modules/homedir-polyfill": {
      "version": "1.0.1",
      "resolved": "http://138.201.191.203:4873/homedir-polyfill/-/homedir-polyfill-1.0.1.tgz",
      "integrity": "sha1-TCu8inWJmP7r9e1oWA921GdotLw=",
      "dev": true,
      "dependencies": {
        "parse-passwd": "^1.0.0"
      },
      "engines": {
        "node": ">=0.10.0"
      }
    },
    "node_modules/ts-node/node_modules/make-error": {
      "version": "1.3.4",
      "resolved": "http://138.201.191.203:4873/make-error/-/make-error-1.3.4.tgz",
      "integrity": "sha512-0Dab5btKVPhibSalc9QGXb559ED7G7iLjFXBaj9Wq8O3vorueR5K5jaE3hkG6ZQINyhA/JgG6Qk4qdFQjsYV6g==",
      "dev": true
    },
    "node_modules/ts-node/node_modules/minimist": {
      "version": "1.2.0",
      "resolved": "http://138.201.191.203:4873/minimist/-/minimist-1.2.0.tgz",
      "integrity": "sha1-o1AIsg9BOD7sH7kU9M1d95omQoQ=",
      "dev": true
    },
    "node_modules/ts-node/node_modules/mkdirp": {
      "version": "0.5.1",
      "resolved": "http://138.201.191.203:4873/mkdirp/-/mkdirp-0.5.1.tgz",
      "integrity": "sha1-MAV0OOrGz3+MR2fzhkjWaX11yQM=",
      "deprecated": "Legacy versions of mkdirp are no longer supported. Please update to mkdirp 1.x. (Note that the API surface has changed to use Promises in 1.x.)",
      "dev": true,
      "dependencies": {
        "minimist": "0.0.8"
      },
      "bin": {
        "mkdirp": "bin/cmd.js"
      }
    },
    "node_modules/ts-node/node_modules/mkdirp/node_modules/minimist": {
      "version": "0.0.8",
      "resolved": "http://138.201.191.203:4873/minimist/-/minimist-0.0.8.tgz",
      "integrity": "sha1-hX/Kv8M5fSYluCKCYuhqp6ARsF0=",
      "dev": true
    },
    "node_modules/ts-node/node_modules/parse-passwd": {
      "version": "1.0.0",
      "resolved": "http://138.201.191.203:4873/parse-passwd/-/parse-passwd-1.0.0.tgz",
      "integrity": "sha1-bVuTSkVpk7I9N/QKOC1vFmao5cY=",
      "dev": true,
      "engines": {
        "node": ">=0.10.0"
      }
    },
    "node_modules/ts-node/node_modules/source-map": {
      "version": "0.5.7",
      "resolved": "http://138.201.191.203:4873/source-map/-/source-map-0.5.7.tgz",
      "integrity": "sha1-igOdLRAh0i0eoUyA2OpGi6LvP8w=",
      "dev": true,
      "engines": {
        "node": ">=0.10.0"
      }
    },
    "node_modules/ts-node/node_modules/source-map-support": {
      "version": "0.4.18",
      "resolved": "http://138.201.191.203:4873/source-map-support/-/source-map-support-0.4.18.tgz",
      "integrity": "sha512-try0/JqxPLF9nOjvSta7tVondkP5dwgyLDjVoyMDlmjugT2lRZ1OfsrYTkCd2hkDnJTKRbO/Rl3orm8vlsUzbA==",
      "dev": true,
      "dependencies": {
        "source-map": "^0.5.6"
      }
    },
    "node_modules/ts-node/node_modules/strip-bom": {
      "version": "3.0.0",
      "resolved": "http://138.201.191.203:4873/strip-bom/-/strip-bom-3.0.0.tgz",
      "integrity": "sha1-IzTBjpx1n3vdVv3vfprj1YjmjtM=",
      "dev": true,
      "engines": {
        "node": ">=4"
      }
    },
    "node_modules/ts-node/node_modules/strip-json-comments": {
      "version": "2.0.1",
      "resolved": "http://138.201.191.203:4873/strip-json-comments/-/strip-json-comments-2.0.1.tgz",
      "integrity": "sha1-PFMZQukIwml8DsNEhYwobHygpgo=",
      "dev": true,
      "engines": {
        "node": ">=0.10.0"
      }
    },
    "node_modules/ts-node/node_modules/supports-color": {
      "version": "5.4.0",
      "resolved": "http://138.201.191.203:4873/supports-color/-/supports-color-5.4.0.tgz",
      "integrity": "sha512-zjaXglF5nnWpsq470jSv6P9DwPvgLkuapYmfDm3JWOm0vkNTVF2tI4UrN2r6jH1qM/uc/WtxYY1hYoA2dOKj5w==",
      "dev": true,
      "dependencies": {
        "has-flag": "^3.0.0"
      },
      "engines": {
        "node": ">=4"
      }
    },
    "node_modules/ts-node/node_modules/tsconfig": {
      "version": "6.0.0",
      "resolved": "http://138.201.191.203:4873/tsconfig/-/tsconfig-6.0.0.tgz",
      "integrity": "sha1-aw6DdgA9evGGT434+J3QBZ/80DI=",
      "dev": true,
      "dependencies": {
        "strip-bom": "^3.0.0",
        "strip-json-comments": "^2.0.0"
      }
    },
    "node_modules/ts-node/node_modules/v8flags": {
      "version": "3.1.1",
      "resolved": "http://138.201.191.203:4873/v8flags/-/v8flags-3.1.1.tgz",
      "integrity": "sha512-iw/1ViSEaff8NJ3HLyEjawk/8hjJib3E7pvG4pddVXfUg1983s3VGsiClDjhK64MQVDGqc1Q8r18S4VKQZS9EQ==",
      "dev": true,
      "dependencies": {
        "homedir-polyfill": "^1.0.1"
      },
      "engines": {
        "node": ">= 0.10.0"
      }
    },
    "node_modules/ts-node/node_modules/yn": {
      "version": "2.0.0",
      "resolved": "http://138.201.191.203:4873/yn/-/yn-2.0.0.tgz",
      "integrity": "sha1-5a2ryKz0CPY4X8dklWhMiOavaJo=",
      "dev": true,
      "engines": {
        "node": ">=4"
      }
    },
    "node_modules/tslib": {
      "version": "1.9.0",
      "resolved": "https://registry.npmjs.org/tslib/-/tslib-1.9.0.tgz",
      "integrity": "sha512-f/qGG2tUkrISBlQZEjEqoZ3B2+npJjIf04H1wuAv9iA8i04Icp+61KRXxFdha22670NJopsZCIjhC3SnjPRKrQ==",
      "dev": true
    },
    "node_modules/typescript": {
      "version": "4.3.4",
      "resolved": "https://registry.npmjs.org/typescript/-/typescript-4.3.4.tgz",
      "integrity": "sha512-uauPG7XZn9F/mo+7MrsRjyvbxFpzemRjKEZXS4AK83oP2KKOJPvb+9cO/gmnv8arWZvhnjVOXz7B49m1l0e9Ew==",
      "dev": true,
      "bin": {
        "tsc": "bin/tsc",
        "tsserver": "bin/tsserver"
      },
      "engines": {
        "node": ">=4.2.0"
      }
    },
    "node_modules/zone.js": {
      "version": "0.8.26",
      "resolved": "http://138.201.191.203:4873/zone.js/-/zone.js-0.8.26.tgz",
      "integrity": "sha512-W9Nj+UmBJG251wkCacIkETgra4QgBo/vgoEkb4a2uoLzpQG7qF9nzwoLXWU5xj3Fg2mxGvEDh47mg24vXccYjA==",
      "dev": true
    }
  },
  "dependencies": {
    "@angular/common": {
      "version": "7.2.16",
      "resolved": "https://registry.npmjs.org/@angular/common/-/common-7.2.16.tgz",
      "integrity": "sha512-lPo2Vt5zmKeKTdMxHMUuViouMiK4QsmO6dGTIhJ7QAx9mov0QYb4sUVKN9Ix32Aeeznaa97qJnhevyDncJqvSA==",
      "dev": true,
      "requires": {
        "tslib": "^1.9.0"
      }
    },
    "@angular/core": {
      "version": "7.2.16",
      "resolved": "https://registry.npmjs.org/@angular/core/-/core-7.2.16.tgz",
      "integrity": "sha512-z1RuBinuYeC4KLv8Z95YOgIQLd4nkoApdxkIZaWALwSkgeBuHJn4bCBn2cL0gJ/KO2x18TiTU5HuC+uyBt0AVQ==",
      "dev": true,
      "requires": {
        "tslib": "^1.9.0"
      }
    },
    "@angular/http": {
      "version": "7.2.16",
      "resolved": "https://registry.npmjs.org/@angular/http/-/http-7.2.16.tgz",
      "integrity": "sha512-yvjbNyzFSmmz4UTjCdy5M8mk0cZqf9TvSf8yN5UVIwtw4joyuUdlgJCuin0qSbQOKIf/JjHoofpO2JkPCGSNww==",
      "dev": true,
      "requires": {
        "tslib": "^1.9.0"
      }
    },
    "@angular/platform-browser": {
      "version": "7.2.16",
      "resolved": "https://registry.npmjs.org/@angular/platform-browser/-/platform-browser-7.2.16.tgz",
      "integrity": "sha512-6LltxoPlbtUgSec5a+BGPHZ0UYdqFizxSsplC1PoJdqH17DDxQjxcluAfXnLlvOYFSSPvYa73PSOpmUU2vp4gA==",
      "dev": true,
      "requires": {
        "tslib": "^1.9.0"
      }
    },
    "@flexicore/flexicore-client": {
      "version": "3.0.16",
      "resolved": "http://artifactory.wizzdi.com:4873/@flexicore%2fflexicore-client/-/flexicore-client-3.0.16.tgz",
      "integrity": "sha512-YHmzLMneWEM3hwOgtbYJrD4kgyj3ZELy+dUfo1L9cDoVF7DX01LRjXB/yLHTNXrM8WuUcDM+Oc1lDiqQBIyMqw==",
      "requires": {
        "rxjs": "^7.5.2",
        "spark-md5": "^3.0.1"
      },
      "dependencies": {
        "rxjs": {
          "version": "7.5.5",
          "resolved": "https://registry.npmjs.org/rxjs/-/rxjs-7.5.5.tgz",
          "integrity": "sha512-sy+H0pQofO95VDmFLzyaw9xNJU4KTRSwQIGM6+iG3SypAtCiLDzpeG8sJrNCWn2Up9km+KhkvTdbkrdy+yzZdw==",
          "requires": {
            "tslib": "^2.1.0"
          }
        },
        "tslib": {
          "version": "2.4.0",
          "resolved": "https://registry.npmjs.org/tslib/-/tslib-2.4.0.tgz",
          "integrity": "sha512-d6xOpEDfsi2CZVlPQzGeux8XMwLT9hssAsaPYExaQMuYskwb+x1x7J371tWlbBdWHroy99KnVB6qIkUbs5X3UQ=="
        }
      }
    },
    "@types/jasmine": {
      "version": "2.8.8",
      "resolved": "http://138.201.191.203:4873/@types%2fjasmine/-/jasmine-2.8.8.tgz",
      "integrity": "sha512-OJSUxLaxXsjjhob2DBzqzgrkLmukM3+JMpRp0r0E4HTdT1nwDCWhaswjYxazPij6uOdzHCJfNbDjmQ1/rnNbCg==",
      "dev": true
    },
    "@types/node": {
      "version": "8.10.21",
      "resolved": "http://138.201.191.203:4873/@types%2fnode/-/node-8.10.21.tgz",
      "integrity": "sha512-87XkD9qDXm8fIax+5y7drx84cXsu34ZZqfB7Cial3Q/2lxSoJ/+DRaWckkCbxP41wFSIrrb939VhzaNxj4eY1w==",
      "dev": true
    },
    "jasmine": {
      "version": "2.99.0",
      "resolved": "http://138.201.191.203:4873/jasmine/-/jasmine-2.99.0.tgz",
      "integrity": "sha1-jKctEC5jm4Z8ZImFbg4YqceqQrc=",
      "dev": true,
      "requires": {
        "exit": "^0.1.2",
        "glob": "^7.0.6",
        "jasmine-core": "~2.99.0"
      },
      "dependencies": {
        "balanced-match": {
          "version": "1.0.0",
          "resolved": "http://138.201.191.203:4873/balanced-match/-/balanced-match-1.0.0.tgz",
          "integrity": "sha1-ibTRmasr7kneFk6gK4nORi1xt2c=",
          "dev": true
        },
        "brace-expansion": {
          "version": "1.1.11",
          "resolved": "http://138.201.191.203:4873/brace-expansion/-/brace-expansion-1.1.11.tgz",
          "integrity": "sha512-iCuPHDFgrHX7H2vEI/5xpz07zSHB00TpugqhmYtVmMO6518mCuRMoOYFldEBl0g187ufozdaHgWKcYFb61qGiA==",
          "dev": true,
          "requires": {
            "balanced-match": "^1.0.0",
            "concat-map": "0.0.1"
          }
        },
        "concat-map": {
          "version": "0.0.1",
          "resolved": "http://138.201.191.203:4873/concat-map/-/concat-map-0.0.1.tgz",
          "integrity": "sha1-2Klr13/Wjfd5OnMDajug1UBdR3s=",
          "dev": true
        },
        "exit": {
          "version": "0.1.2",
          "resolved": "http://138.201.191.203:4873/exit/-/exit-0.1.2.tgz",
          "integrity": "sha1-BjJjj42HfMghB9MKD/8aF8uhzQw=",
          "dev": true
        },
        "fs.realpath": {
          "version": "1.0.0",
          "resolved": "http://138.201.191.203:4873/fs.realpath/-/fs.realpath-1.0.0.tgz",
          "integrity": "sha1-FQStJSMVjKpA20onh8sBQRmU6k8=",
          "dev": true
        },
        "glob": {
          "version": "7.1.2",
          "resolved": "http://138.201.191.203:4873/glob/-/glob-7.1.2.tgz",
          "integrity": "sha512-MJTUg1kjuLeQCJ+ccE4Vpa6kKVXkPYJ2mOCQyUuKLcLQsdrMCpBPUi8qVE6+YuaJkozeA9NusTAw3hLr8Xe5EQ==",
          "dev": true,
          "requires": {
            "fs.realpath": "^1.0.0",
            "inflight": "^1.0.4",
            "inherits": "2",
            "minimatch": "^3.0.4",
            "once": "^1.3.0",
            "path-is-absolute": "^1.0.0"
          }
        },
        "inflight": {
          "version": "1.0.6",
          "resolved": "http://138.201.191.203:4873/inflight/-/inflight-1.0.6.tgz",
          "integrity": "sha1-Sb1jMdfQLQwJvJEKEHW6gWW1bfk=",
          "dev": true,
          "requires": {
            "once": "^1.3.0",
            "wrappy": "1"
          }
        },
        "inherits": {
          "version": "2.0.3",
          "resolved": "http://138.201.191.203:4873/inherits/-/inherits-2.0.3.tgz",
          "integrity": "sha1-Yzwsg+PaQqUC9SRmAiSA9CCCYd4=",
          "dev": true
        },
        "jasmine-core": {
          "version": "2.99.1",
          "resolved": "http://138.201.191.203:4873/jasmine-core/-/jasmine-core-2.99.1.tgz",
          "integrity": "sha1-5kAN8ea1bhMLYcS80JPap/boyhU=",
          "dev": true
        },
        "minimatch": {
          "version": "3.0.4",
          "resolved": "http://138.201.191.203:4873/minimatch/-/minimatch-3.0.4.tgz",
          "integrity": "sha512-yJHVQEhyqPLUTgt9B83PXu6W3rx4MvvHvSUvToogpwoGDOUQ+yDrR0HRot+yOCdCO7u4hX3pWft6kWBBcqh0UA==",
          "dev": true,
          "requires": {
            "brace-expansion": "^1.1.7"
          }
        },
        "once": {
          "version": "1.4.0",
          "resolved": "http://138.201.191.203:4873/once/-/once-1.4.0.tgz",
          "integrity": "sha1-WDsap3WWHUsROsF9nFC6753Xa9E=",
          "dev": true,
          "requires": {
            "wrappy": "1"
          }
        },
        "path-is-absolute": {
          "version": "1.0.1",
          "resolved": "http://138.201.191.203:4873/path-is-absolute/-/path-is-absolute-1.0.1.tgz",
          "integrity": "sha1-F0uSaHNVNP+8es5r9TpanhtcX18=",
          "dev": true
        },
        "wrappy": {
          "version": "1.0.2",
          "resolved": "http://138.201.191.203:4873/wrappy/-/wrappy-1.0.2.tgz",
          "integrity": "sha1-tSQ9jz7BqjXxNkYFvA0QNuMKtp8=",
          "dev": true
        }
      }
    },
    "rxjs": {
      "version": "6.6.7",
      "resolved": "https://registry.npmjs.org/rxjs/-/rxjs-6.6.7.tgz",
      "integrity": "sha512-hTdwr+7yYNIT5n4AMYp85KA6yw2Va0FLa3Rguvbpa4W3I5xynaBZo41cM3XM+4Q6fRMj3sBYIR1VAmZMXYJvRQ==",
      "dev": true,
      "requires": {
        "tslib": "^1.9.0"
      }
    },
    "spark-md5": {
      "version": "3.0.1",
      "resolved": "https://registry.npmjs.org/spark-md5/-/spark-md5-3.0.1.tgz",
      "integrity": "sha512-0tF3AGSD1ppQeuffsLDIOWlKUd3lS92tFxcsrh5Pe3ZphhnoK+oXIBTzOAThZCiuINZLvpiLH/1VS1/ANEJVig=="
    },
    "ts-node": {
      "version": "3.3.0",
      "resolved": "http://138.201.191.203:4873/ts-node/-/ts-node-3.3.0.tgz",
      "integrity": "sha1-wTxqMCTjC+EYDdUwOPwgkonUv2k=",
      "dev": true,
      "requires": {
        "arrify": "^1.0.0",
        "chalk": "^2.0.0",
        "diff": "^3.1.0",
        "make-error": "^1.1.1",
        "minimist": "^1.2.0",
        "mkdirp": "^0.5.1",
        "source-map-support": "^0.4.0",
        "tsconfig": "^6.0.0",
        "v8flags": "^3.0.0",
        "yn": "^2.0.0"
      },
      "dependencies": {
        "ansi-styles": {
          "version": "3.2.1",
          "resolved": "http://138.201.191.203:4873/ansi-styles/-/ansi-styles-3.2.1.tgz",
          "integrity": "sha512-VT0ZI6kZRdTh8YyJw3SMbYm/u+NqfsAxEpWO0Pf9sq8/e94WxxOpPKx9FR1FlyCtOVDNOQ+8ntlqFxiRc+r5qA==",
          "dev": true,
          "requires": {
            "color-convert": "^1.9.0"
          }
        },
        "arrify": {
          "version": "1.0.1",
          "resolved": "http://138.201.191.203:4873/arrify/-/arrify-1.0.1.tgz",
          "integrity": "sha1-iYUI2iIm84DfkEcoRWhJwVAaSw0=",
          "dev": true
        },
        "chalk": {
          "version": "2.4.1",
          "resolved": "http://138.201.191.203:4873/chalk/-/chalk-2.4.1.tgz",
          "integrity": "sha512-ObN6h1v2fTJSmUXoS3nMQ92LbDK9be4TV+6G+omQlGJFdcUX5heKi1LZ1YnRMIgwTLEj3E24bT6tYni50rlCfQ==",
          "dev": true,
          "requires": {
            "ansi-styles": "^3.2.1",
            "escape-string-regexp": "^1.0.5",
            "supports-color": "^5.3.0"
          }
        },
        "color-convert": {
          "version": "1.9.2",
          "resolved": "http://138.201.191.203:4873/color-convert/-/color-convert-1.9.2.tgz",
          "integrity": "sha512-3NUJZdhMhcdPn8vJ9v2UQJoH0qqoGUkYTgFEPZaPjEtwmmKUfNV46zZmgB2M5M4DCEQHMaCfWHCxiBflLm04Tg==",
          "dev": true,
          "requires": {
            "color-name": "1.1.1"
          }
        },
        "color-name": {
          "version": "1.1.1",
          "resolved": "http://138.201.191.203:4873/color-name/-/color-name-1.1.1.tgz",
          "integrity": "sha1-SxQVMEz1ACjqgWQ2Q72C6gWANok=",
          "dev": true
        },
        "diff": {
          "version": "3.5.0",
          "resolved": "http://138.201.191.203:4873/diff/-/diff-3.5.0.tgz",
          "integrity": "sha512-A46qtFgd+g7pDZinpnwiRJtxbC1hpgf0uzP3iG89scHk0AUC7A1TGxf5OiiOUv/JMZR8GOt8hL900hV0bOy5xA==",
          "dev": true
        },
        "escape-string-regexp": {
          "version": "1.0.5",
          "resolved": "http://138.201.191.203:4873/escape-string-regexp/-/escape-string-regexp-1.0.5.tgz",
          "integrity": "sha1-G2HAViGQqN/2rjuyzwIAyhMLhtQ=",
          "dev": true
        },
        "has-flag": {
          "version": "3.0.0",
          "resolved": "http://138.201.191.203:4873/has-flag/-/has-flag-3.0.0.tgz",
          "integrity": "sha1-tdRU3CGZriJWmfNGfloH87lVuv0=",
          "dev": true
        },
        "homedir-polyfill": {
          "version": "1.0.1",
          "resolved": "http://138.201.191.203:4873/homedir-polyfill/-/homedir-polyfill-1.0.1.tgz",
          "integrity": "sha1-TCu8inWJmP7r9e1oWA921GdotLw=",
          "dev": true,
          "requires": {
            "parse-passwd": "^1.0.0"
          }
        },
        "make-error": {
          "version": "1.3.4",
          "resolved": "http://138.201.191.203:4873/make-error/-/make-error-1.3.4.tgz",
          "integrity": "sha512-0Dab5btKVPhibSalc9QGXb559ED7G7iLjFXBaj9Wq8O3vorueR5K5jaE3hkG6ZQINyhA/JgG6Qk4qdFQjsYV6g==",
          "dev": true
        },
        "minimist": {
          "version": "1.2.0",
          "resolved": "http://138.201.191.203:4873/minimist/-/minimist-1.2.0.tgz",
          "integrity": "sha1-o1AIsg9BOD7sH7kU9M1d95omQoQ=",
          "dev": true
        },
        "mkdirp": {
          "version": "0.5.1",
          "resolved": "http://138.201.191.203:4873/mkdirp/-/mkdirp-0.5.1.tgz",
          "integrity": "sha1-MAV0OOrGz3+MR2fzhkjWaX11yQM=",
          "dev": true,
          "requires": {
            "minimist": "0.0.8"
          },
          "dependencies": {
            "minimist": {
              "version": "0.0.8",
              "resolved": "http://138.201.191.203:4873/minimist/-/minimist-0.0.8.tgz",
              "integrity": "sha1-hX/Kv8M5fSYluCKCYuhqp6ARsF0=",
              "dev": true
            }
          }
        },
        "parse-passwd": {
          "version": "1.0.0",
          "resolved": "http://138.201.191.203:4873/parse-passwd/-/parse-passwd-1.0.0.tgz",
          "integrity": "sha1-bVuTSkVpk7I9N/QKOC1vFmao5cY=",
          "dev": true
        },
        "source-map": {
          "version": "0.5.7",
          "resolved": "http://138.201.191.203:4873/source-map/-/source-map-0.5.7.tgz",
          "integrity": "sha1-igOdLRAh0i0eoUyA2OpGi6LvP8w=",
          "dev": true
        },
        "source-map-support": {
          "version": "0.4.18",
          "resolved": "http://138.201.191.203:4873/source-map-support/-/source-map-support-0.4.18.tgz",
          "integrity": "sha512-try0/JqxPLF9nOjvSta7tVondkP5dwgyLDjVoyMDlmjugT2lRZ1OfsrYTkCd2hkDnJTKRbO/Rl3orm8vlsUzbA==",
          "dev": true,
          "requires": {
            "source-map": "^0.5.6"
          }
        },
        "strip-bom": {
          "version": "3.0.0",
          "resolved": "http://138.201.191.203:4873/strip-bom/-/strip-bom-3.0.0.tgz",
          "integrity": "sha1-IzTBjpx1n3vdVv3vfprj1YjmjtM=",
          "dev": true
        },
        "strip-json-comments": {
          "version": "2.0.1",
          "resolved": "http://138.201.191.203:4873/strip-json-comments/-/strip-json-comments-2.0.1.tgz",
          "integrity": "sha1-PFMZQukIwml8DsNEhYwobHygpgo=",
          "dev": true
        },
        "supports-color": {
          "version": "5.4.0",
          "resolved": "http://138.201.191.203:4873/supports-color/-/supports-color-5.4.0.tgz",
          "integrity": "sha512-zjaXglF5nnWpsq470jSv6P9DwPvgLkuapYmfDm3JWOm0vkNTVF2tI4UrN2r6jH1qM/uc/WtxYY1hYoA2dOKj5w==",
          "dev": true,
          "requires": {
            "has-flag": "^3.0.0"
          }
        },
        "tsconfig": {
          "version": "6.0.0",
          "resolved": "http://138.201.191.203:4873/tsconfig/-/tsconfig-6.0.0.tgz",
          "integrity": "sha1-aw6DdgA9evGGT434+J3QBZ/80DI=",
          "dev": true,
          "requires": {
            "strip-bom": "^3.0.0",
            "strip-json-comments": "^2.0.0"
          }
        },
        "v8flags": {
          "version": "3.1.1",
          "resolved": "http://138.201.191.203:4873/v8flags/-/v8flags-3.1.1.tgz",
          "integrity": "sha512-iw/1ViSEaff8NJ3HLyEjawk/8hjJib3E7pvG4pddVXfUg1983s3VGsiClDjhK64MQVDGqc1Q8r18S4VKQZS9EQ==",
          "dev": true,
          "requires": {
            "homedir-polyfill": "^1.0.1"
          }
        },
        "yn": {
          "version": "2.0.0",
          "resolved": "http://138.201.191.203:4873/yn/-/yn-2.0.0.tgz",
          "integrity": "sha1-5a2ryKz0CPY4X8dklWhMiOavaJo=",
          "dev": true
        }
      }
    },
    "tslib": {
      "version": "1.9.0",
      "resolved": "https://registry.npmjs.org/tslib/-/tslib-1.9.0.tgz",
      "integrity": "sha512-f/qGG2tUkrISBlQZEjEqoZ3B2+npJjIf04H1wuAv9iA8i04Icp+61KRXxFdha22670NJopsZCIjhC3SnjPRKrQ==",
      "dev": true
    },
    "typescript": {
      "version": "4.3.4",
      "resolved": "https://registry.npmjs.org/typescript/-/typescript-4.3.4.tgz",
      "integrity": "sha512-uauPG7XZn9F/mo+7MrsRjyvbxFpzemRjKEZXS4AK83oP2KKOJPvb+9cO/gmnv8arWZvhnjVOXz7B49m1l0e9Ew==",
      "dev": true
    },
    "zone.js": {
      "version": "0.8.26",
      "resolved": "http://138.201.191.203:4873/zone.js/-/zone.js-0.8.26.tgz",
      "integrity": "sha512-W9Nj+UmBJG251wkCacIkETgra4QgBo/vgoEkb4a2uoLzpQG7qF9nzwoLXWU5xj3Fg2mxGvEDh47mg24vXccYjA==",
      "dev": true
    }
  }
}
